
Microsoft Visual Studio Solution File, Format Version 12.00
# Visual Studio Version 16
VisualStudioVersion = 16.0.33214.272
MinimumVisualStudioVersion = 10.0.40219.1
Project("{FAE04EC0-301F-11D3-BF4B-00C04F79EFBC}") = "Trilhar.Forms", "Trilhar.Forms\Trilhar.Forms.csproj", "{1A381AB4-7B94-4F7D-AB39-F697BE344286}"
EndProject
Project("{FAE04EC0-301F-11D3-BF4B-00C04F79EFBC}") = "Trilhar.Mapeamento", "Trilhar.Mapeamento\Trilhar.Mapeamento.csproj", "{2E285D22-CB69-4A7C-917D-273BBC0E53BE}"
EndProject
Project("{FAE04EC0-301F-11D3-BF4B-00C04F79EFBC}") = "Trilhar.Entidades", "Trilhar.Entidades\Trilhar.Entidades.csproj", "{06F489AB-F29F-4C74-8010-00A31F656653}"
EndProject
Project("{FAE04EC0-301F-11D3-BF4B-00C04F79EFBC}") = "Trilhar.Integracao", "Trilhar.Integracao\Trilhar.Integracao.csproj", "{40DCF121-F235-41DE-8D97-7E3C5A31CA42}"
EndProject
Project("{FAE04EC0-301F-11D3-BF4B-00C04F79EFBC}") = "Trilhar.Uteis", "Trilhar.Uteis\Trilhar.Uteis.csproj", "{3213BBE6-65D9-4FE3-874C-523C9E29B84B}"
EndProject
Project("{FAE04EC0-301F-11D3-BF4B-00C04F79EFBC}") = "CadastroTrilhar", "CadastroTrilhar\CadastroTrilhar.csproj", "{34AE77A1-7AAA-48EC-AD5E-C65C86A9AE82}"
EndProject
Project("{FAE04EC0-301F-11D3-BF4B-00C04F79EFBC}") = "Trilhar.Controle", "Trilhar.Controle\Trilhar.Controle.csproj", "{6AC687A8-B85B-47A0-BD48-5A21E7E0E0AA}"
EndProject
Project("{2150E333-8FDC-42A3-9474-1A3956D46DE8}") = "1.Aplicacao", "1.Aplicacao", "{4A970E1B-8F30-4C4A-8C94-3040D721E4E5}"
EndProject
Project("{2150E333-8FDC-42A3-9474-1A3956D46DE8}") = "2.Forms", "2.Forms", "{C7607AA9-1A67-483F-AE4C-54ECCCEFA697}"
EndProject
Project("{2150E333-8FDC-42A3-9474-1A3956D46DE8}") = "3.Controle", "3.Controle", "{2F6EB501-FE0A-4698-ABE5-3FBDDF796EA7}"
EndProject
Project("{2150E333-8FDC-42A3-9474-1A3956D46DE8}") = "4.Entidades", "4.Entidades", "{0C062E35-6D72-4ACB-A007-1FAC82A530E7}"
EndProject
Project("{2150E333-8FDC-42A3-9474-1A3956D46DE8}") = "5.Mapeamento", "5.Mapeamento", "{69CAAF56-E824-4D55-BE69-7F10E9DE0FCF}"
EndProject
Project("{2150E333-8FDC-42A3-9474-1A3956D46DE8}") = "6.Integracao", "6.Integracao", "{F0D66452-5324-48B0-82DD-DEC62475FB2D}"
EndProject
Project("{2150E333-8FDC-42A3-9474-1A3956D46DE8}") = "7.Uteis", "7.Uteis", "{38ED24D4-B17E-4CEA-88E9-158EF53CEA82}"
EndProject
Global
	GlobalSection(SolutionConfigurationPlatforms) = preSolution
		Debug|Any CPU = Debug|Any CPU
		Debug|x86 = Debug|x86
		Release|Any CPU = Release|Any CPU
		Release|x86 = Release|x86
	EndGlobalSection
	GlobalSection(ProjectConfigurationPlatforms) = postSolution
		{1A381AB4-7B94-4F7D-AB39-F697BE344286}.Debug|Any CPU.ActiveCfg = Debug|Any CPU
		{1A381AB4-7B94-4F7D-AB39-F697BE344286}.Debug|Any CPU.Build.0 = Debug|Any CPU
		{1A381AB4-7B94-4F7D-AB39-F697BE344286}.Debug|x86.ActiveCfg = Debug|x86
		{1A381AB4-7B94-4F7D-AB39-F697BE344286}.Debug|x86.Build.0 = Debug|x86
		{1A381AB4-7B94-4F7D-AB39-F697BE344286}.Release|Any CPU.ActiveCfg = Release|Any CPU
		{1A381AB4-7B94-4F7D-AB39-F697BE344286}.Release|Any CPU.Build.0 = Release|Any CPU
		{1A381AB4-7B94-4F7D-AB39-F697BE344286}.Release|x86.ActiveCfg = Release|x86
		{1A381AB4-7B94-4F7D-AB39-F697BE344286}.Release|x86.Build.0 = Release|x86
		{2E285D22-CB69-4A7C-917D-273BBC0E53BE}.Debug|Any CPU.ActiveCfg = Debug|Any CPU
		{2E285D22-CB69-4A7C-917D-273BBC0E53BE}.Debug|Any CPU.Build.0 = Debug|Any CPU
		{2E285D22-CB69-4A7C-917D-273BBC0E53BE}.Debug|x86.ActiveCfg = Debug|x86
		{2E285D22-CB69-4A7C-917D-273BBC0E53BE}.Debug|x86.Build.0 = Debug|x86
		{2E285D22-CB69-4A7C-917D-273BBC0E53BE}.Release|Any CPU.ActiveCfg = Release|Any CPU
		{2E285D22-CB69-4A7C-917D-273BBC0E53BE}.Release|Any CPU.Build.0 = Release|Any CPU
		{2E285D22-CB69-4A7C-917D-273BBC0E53BE}.Release|x86.ActiveCfg = Release|x86
		{2E285D22-CB69-4A7C-917D-273BBC0E53BE}.Release|x86.Build.0 = Release|x86
		{06F489AB-F29F-4C74-8010-00A31F656653}.Debug|Any CPU.ActiveCfg = Debug|Any CPU
		{06F489AB-F29F-4C74-8010-00A31F656653}.Debug|Any CPU.Build.0 = Debug|Any CPU
		{06F489AB-F29F-4C74-8010-00A31F656653}.Debug|x86.ActiveCfg = Debug|x86
		{06F489AB-F29F-4C74-8010-00A31F656653}.Debug|x86.Build.0 = Debug|x86
		{06F489AB-F29F-4C74-8010-00A31F656653}.Release|Any CPU.ActiveCfg = Release|Any CPU
		{06F489AB-F29F-4C74-8010-00A31F656653}.Release|Any CPU.Build.0 = Release|Any CPU
		{06F489AB-F29F-4C74-8010-00A31F656653}.Release|x86.ActiveCfg = Release|x86
		{06F489AB-F29F-4C74-8010-00A31F656653}.Release|x86.Build.0 = Release|x86
		{40DCF121-F235-41DE-8D97-7E3C5A31CA42}.Debug|Any CPU.ActiveCfg = Debug|Any CPU
		{40DCF121-F235-41DE-8D97-7E3C5A31CA42}.Debug|Any CPU.Build.0 = Debug|Any CPU
		{40DCF121-F235-41DE-8D97-7E3C5A31CA42}.Debug|x86.ActiveCfg = Debug|x86
		{40DCF121-F235-41DE-8D97-7E3C5A31CA42}.Debug|x86.Build.0 = Debug|x86
		{40DCF121-F235-41DE-8D97-7E3C5A31CA42}.Release|Any CPU.ActiveCfg = Release|Any CPU
		{40DCF121-F235-41DE-8D97-7E3C5A31CA42}.Release|Any CPU.Build.0 = Release|Any CPU
		{40DCF121-F235-41DE-8D97-7E3C5A31CA42}.Release|x86.ActiveCfg = Release|x86
		{40DCF121-F235-41DE-8D97-7E3C5A31CA42}.Release|x86.Build.0 = Release|x86
		{3213BBE6-65D9-4FE3-874C-523C9E29B84B}.Debug|Any CPU.ActiveCfg = Debug|Any CPU
		{3213BBE6-65D9-4FE3-874C-523C9E29B84B}.Debug|Any CPU.Build.0 = Debug|Any CPU
		{3213BBE6-65D9-4FE3-874C-523C9E29B84B}.Debug|x86.ActiveCfg = Debug|x86
		{3213BBE6-65D9-4FE3-874C-523C9E29B84B}.Debug|x86.Build.0 = Debug|x86
		{3213BBE6-65D9-4FE3-874C-523C9E29B84B}.Release|Any CPU.ActiveCfg = Release|Any CPU
		{3213BBE6-65D9-4FE3-874C-523C9E29B84B}.Release|Any CPU.Build.0 = Release|Any CPU
		{3213BBE6-65D9-4FE3-874C-523C9E29B84B}.Release|x86.ActiveCfg = Release|x86
		{3213BBE6-65D9-4FE3-874C-523C9E29B84B}.Release|x86.Build.0 = Release|x86
		{34AE77A1-7AAA-48EC-AD5E-C65C86A9AE82}.Debug|Any CPU.ActiveCfg = Debug|Any CPU
		{34AE77A1-7AAA-48EC-AD5E-C65C86A9AE82}.Debug|Any CPU.Build.0 = Debug|Any CPU
		{34AE77A1-7AAA-48EC-AD5E-C65C86A9AE82}.Debug|x86.ActiveCfg = Debug|x86
		{34AE77A1-7AAA-48EC-AD5E-C65C86A9AE82}.Debug|x86.Build.0 = Debug|x86
		{34AE77A1-7AAA-48EC-AD5E-C65C86A9AE82}.Release|Any CPU.ActiveCfg = Release|Any CPU
		{34AE77A1-7AAA-48EC-AD5E-C65C86A9AE82}.Release|Any CPU.Build.0 = Release|Any CPU
		{34AE77A1-7AAA-48EC-AD5E-C65C86A9AE82}.Release|x86.ActiveCfg = Release|x86
		{34AE77A1-7AAA-48EC-AD5E-C65C86A9AE82}.Release|x86.Build.0 = Release|x86
		{6AC687A8-B85B-47A0-BD48-5A21E7E0E0AA}.Debug|Any CPU.ActiveCfg = Debug|Any CPU
		{6AC687A8-B85B-47A0-BD48-5A21E7E0E0AA}.Debug|Any CPU.Build.0 = Debug|Any CPU
		{6AC687A8-B85B-47A0-BD48-5A21E7E0E0AA}.Debug|x86.ActiveCfg = Debug|x86
		{6AC687A8-B85B-47A0-BD48-5A21E7E0E0AA}.Debug|x86.Build.0 = Debug|x86
		{6AC687A8-B85B-47A0-BD48-5A21E7E0E0AA}.Release|Any CPU.ActiveCfg = Release|Any CPU
		{6AC687A8-B85B-47A0-BD48-5A21E7E0E0AA}.Release|Any CPU.Build.0 = Release|Any CPU
		{6AC687A8-B85B-47A0-BD48-5A21E7E0E0AA}.Release|x86.ActiveCfg = Release|x86
		{6AC687A8-B85B-47A0-BD48-5A21E7E0E0AA}.Release|x86.Build.0 = Release|x86
	EndGlobalSection
	GlobalSection(SolutionProperties) = preSolution
		HideSolutionNode = FALSE
	EndGlobalSection
	GlobalSection(NestedProjects) = preSolution
		{1A381AB4-7B94-4F7D-AB39-F697BE344286} = {C7607AA9-1A67-483F-AE4C-54ECCCEFA697}
		{2E285D22-CB69-4A7C-917D-273BBC0E53BE} = {69CAAF56-E824-4D55-BE69-7F10E9DE0FCF}
		{06F489AB-F29F-4C74-8010-00A31F656653} = {0C062E35-6D72-4ACB-A007-1FAC82A530E7}
		{40DCF121-F235-41DE-8D97-7E3C5A31CA42} = {F0D66452-5324-48B0-82DD-DEC62475FB2D}
		{3213BBE6-65D9-4FE3-874C-523C9E29B84B} = {38ED24D4-B17E-4CEA-88E9-158EF53CEA82}
		{34AE77A1-7AAA-48EC-AD5E-C65C86A9AE82} = {4A970E1B-8F30-4C4A-8C94-3040D721E4E5}
		{6AC687A8-B85B-47A0-BD48-5A21E7E0E0AA} = {2F6EB501-FE0A-4698-ABE5-3FBDDF796EA7}
	EndGlobalSection
	GlobalSection(ExtensibilityGlobals) = postSolution
		SolutionGuid = {C98F40B5-663B-4E7F-809A-3BAAD15E3412}
	EndGlobalSection
EndGlobal
